
Microsoft Visual Studio Solution File, Format Version 12.00
# Visual Studio 2013
VisualStudioVersion = 12.0.31101.0
MinimumVisualStudioVersion = 10.0.40219.1
Project("{FAE04EC0-301F-11D3-BF4B-00C04F79EFBC}") = "MergeSort", "MergeSort\MergeSort.csproj", "{752B5AD9-4073-450D-A006-353C5F2A7D0F}"
EndProject
Project("{FAE04EC0-301F-11D3-BF4B-00C04F79EFBC}") = "CountInversion", "CountInversion\CountInversion.csproj", "{B50D5FC9-5B72-47E9-BE94-99CF4651D815}"
EndProject
Project("{FAE04EC0-301F-11D3-BF4B-00C04F79EFBC}") = "FastPower", "FastPower\FastPower.csproj", "{3E70FFCE-610D-4DE3-B61D-EB6DF8777D87}"
EndProject
Project("{FAE04EC0-301F-11D3-BF4B-00C04F79EFBC}") = "ClosestPair", "ClosestPair\ClosestPair.csproj", "{EC5ACBAD-961D-44EF-A3B7-A3949176C52B}"
EndProject
Project("{FAE04EC0-301F-11D3-BF4B-00C04F79EFBC}") = "QuickSortWithArray", "QuickSort\QuickSortWithArray.csproj", "{1F190A8C-02E9-4AF0-90CE-B9293A2978D2}"
EndProject
Project("{FAE04EC0-301F-11D3-BF4B-00C04F79EFBC}") = "QuickSortLinear", "QuickSortLinear\QuickSortLinear.csproj", "{CDD257AB-5DDE-4785-860E-440D6EE5DF06}"
EndProject
Project("{FAE04EC0-301F-11D3-BF4B-00C04F79EFBC}") = "RandomizedSelection", "RandomizedSelection\RandomizedSelection.csproj", "{3A3E30DE-8284-4D36-B0E3-BCB9B1BE0E6A}"
EndProject
Project("{FAE04EC0-301F-11D3-BF4B-00C04F79EFBC}") = "RandomContraction", "RandomContraction\RandomContraction.csproj", "{78CBE0F7-25A5-4633-A198-BA78AFDC645B}"
EndProject
Project("{FAE04EC0-301F-11D3-BF4B-00C04F79EFBC}") = "RandomContractionsList", "RandomContractionsList\RandomContractionsList.csproj", "{AE717966-DAFF-47E4-BB65-A04ECCAEB170}"
EndProject
Project("{FAE04EC0-301F-11D3-BF4B-00C04F79EFBC}") = "BFS-Undirected", "BFS-Undirected\BFS-Undirected.csproj", "{75ED350C-ACFC-4BED-8F5E-8E838E5EBE22}"
EndProject
Global
	GlobalSection(SolutionConfigurationPlatforms) = preSolution
		Debug|Any CPU = Debug|Any CPU
		Release|Any CPU = Release|Any CPU
	EndGlobalSection
	GlobalSection(ProjectConfigurationPlatforms) = postSolution
		{752B5AD9-4073-450D-A006-353C5F2A7D0F}.Debug|Any CPU.ActiveCfg = Debug|Any CPU
		{752B5AD9-4073-450D-A006-353C5F2A7D0F}.Debug|Any CPU.Build.0 = Debug|Any CPU
		{752B5AD9-4073-450D-A006-353C5F2A7D0F}.Release|Any CPU.ActiveCfg = Release|Any CPU
		{752B5AD9-4073-450D-A006-353C5F2A7D0F}.Release|Any CPU.Build.0 = Release|Any CPU
		{B50D5FC9-5B72-47E9-BE94-99CF4651D815}.Debug|Any CPU.ActiveCfg = Debug|Any CPU
		{B50D5FC9-5B72-47E9-BE94-99CF4651D815}.Debug|Any CPU.Build.0 = Debug|Any CPU
		{B50D5FC9-5B72-47E9-BE94-99CF4651D815}.Release|Any CPU.ActiveCfg = Release|Any CPU
		{B50D5FC9-5B72-47E9-BE94-99CF4651D815}.Release|Any CPU.Build.0 = Release|Any CPU
		{3E70FFCE-610D-4DE3-B61D-EB6DF8777D87}.Debug|Any CPU.ActiveCfg = Debug|Any CPU
		{3E70FFCE-610D-4DE3-B61D-EB6DF8777D87}.Debug|Any CPU.Build.0 = Debug|Any CPU
		{3E70FFCE-610D-4DE3-B61D-EB6DF8777D87}.Release|Any CPU.ActiveCfg = Release|Any CPU
		{3E70FFCE-610D-4DE3-B61D-EB6DF8777D87}.Release|Any CPU.Build.0 = Release|Any CPU
		{EC5ACBAD-961D-44EF-A3B7-A3949176C52B}.Debug|Any CPU.ActiveCfg = Debug|Any CPU
		{EC5ACBAD-961D-44EF-A3B7-A3949176C52B}.Debug|Any CPU.Build.0 = Debug|Any CPU
		{EC5ACBAD-961D-44EF-A3B7-A3949176C52B}.Release|Any CPU.ActiveCfg = Release|Any CPU
		{EC5ACBAD-961D-44EF-A3B7-A3949176C52B}.Release|Any CPU.Build.0 = Release|Any CPU
		{1F190A8C-02E9-4AF0-90CE-B9293A2978D2}.Debug|Any CPU.ActiveCfg = Debug|Any CPU
		{1F190A8C-02E9-4AF0-90CE-B9293A2978D2}.Debug|Any CPU.Build.0 = Debug|Any CPU
		{1F190A8C-02E9-4AF0-90CE-B9293A2978D2}.Release|Any CPU.ActiveCfg = Release|Any CPU
		{1F190A8C-02E9-4AF0-90CE-B9293A2978D2}.Release|Any CPU.Build.0 = Release|Any CPU
		{CDD257AB-5DDE-4785-860E-440D6EE5DF06}.Debug|Any CPU.ActiveCfg = Debug|Any CPU
		{CDD257AB-5DDE-4785-860E-440D6EE5DF06}.Debug|Any CPU.Build.0 = Debug|Any CPU
		{CDD257AB-5DDE-4785-860E-440D6EE5DF06}.Release|Any CPU.ActiveCfg = Release|Any CPU
		{CDD257AB-5DDE-4785-860E-440D6EE5DF06}.Release|Any CPU.Build.0 = Release|Any CPU
		{3A3E30DE-8284-4D36-B0E3-BCB9B1BE0E6A}.Debug|Any CPU.ActiveCfg = Debug|Any CPU
		{3A3E30DE-8284-4D36-B0E3-BCB9B1BE0E6A}.Debug|Any CPU.Build.0 = Debug|Any CPU
		{3A3E30DE-8284-4D36-B0E3-BCB9B1BE0E6A}.Release|Any CPU.ActiveCfg = Release|Any CPU
		{3A3E30DE-8284-4D36-B0E3-BCB9B1BE0E6A}.Release|Any CPU.Build.0 = Release|Any CPU
		{78CBE0F7-25A5-4633-A198-BA78AFDC645B}.Debug|Any CPU.ActiveCfg = Debug|Any CPU
		{78CBE0F7-25A5-4633-A198-BA78AFDC645B}.Debug|Any CPU.Build.0 = Debug|Any CPU
		{78CBE0F7-25A5-4633-A198-BA78AFDC645B}.Release|Any CPU.ActiveCfg = Release|Any CPU
		{78CBE0F7-25A5-4633-A198-BA78AFDC645B}.Release|Any CPU.Build.0 = Release|Any CPU
		{AE717966-DAFF-47E4-BB65-A04ECCAEB170}.Debug|Any CPU.ActiveCfg = Debug|Any CPU
		{AE717966-DAFF-47E4-BB65-A04ECCAEB170}.Debug|Any CPU.Build.0 = Debug|Any CPU
		{AE717966-DAFF-47E4-BB65-A04ECCAEB170}.Release|Any CPU.ActiveCfg = Release|Any CPU
		{AE717966-DAFF-47E4-BB65-A04ECCAEB170}.Release|Any CPU.Build.0 = Release|Any CPU
		{75ED350C-ACFC-4BED-8F5E-8E838E5EBE22}.Debug|Any CPU.ActiveCfg = Debug|Any CPU
		{75ED350C-ACFC-4BED-8F5E-8E838E5EBE22}.Debug|Any CPU.Build.0 = Debug|Any CPU
		{75ED350C-ACFC-4BED-8F5E-8E838E5EBE22}.Release|Any CPU.ActiveCfg = Release|Any CPU
		{75ED350C-ACFC-4BED-8F5E-8E838E5EBE22}.Release|Any CPU.Build.0 = Release|Any CPU
	EndGlobalSection
	GlobalSection(SolutionProperties) = preSolution
		HideSolutionNode = FALSE
	EndGlobalSection
EndGlobal
