
Microsoft Visual Studio Solution File, Format Version 12.00
# Visual Studio 2013
VisualStudioVersion = 12.0.31101.0
MinimumVisualStudioVersion = 10.0.40219.1
Project("{FAE04EC0-301F-11D3-BF4B-00C04F79EFBC}") = "MergeSort", "MergeSort\MergeSort.csproj", "{752B5AD9-4073-450D-A006-353C5F2A7D0F}"
EndProject
Project("{FAE04EC0-301F-11D3-BF4B-00C04F79EFBC}") = "CountInversion", "CountInversion\CountInversion.csproj", "{B50D5FC9-5B72-47E9-BE94-99CF4651D815}"
EndProject
Project("{FAE04EC0-301F-11D3-BF4B-00C04F79EFBC}") = "FastPower", "FastPower\FastPower.csproj", "{3E70FFCE-610D-4DE3-B61D-EB6DF8777D87}"
EndProject
Project("{FAE04EC0-301F-11D3-BF4B-00C04F79EFBC}") = "ClosestPair", "ClosestPair\ClosestPair.csproj", "{EC5ACBAD-961D-44EF-A3B7-A3949176C52B}"
EndProject
Project("{FAE04EC0-301F-11D3-BF4B-00C04F79EFBC}") = "QuickSortWithArray", "QuickSort\QuickSortWithArray.csproj", "{1F190A8C-02E9-4AF0-90CE-B9293A2978D2}"
EndProject
Project("{FAE04EC0-301F-11D3-BF4B-00C04F79EFBC}") = "QuickSortLinear", "QuickSortLinear\QuickSortLinear.csproj", "{CDD257AB-5DDE-4785-860E-440D6EE5DF06}"
EndProject
Project("{FAE04EC0-301F-11D3-BF4B-00C04F79EFBC}") = "RandomizedSelection", "RandomizedSelection\RandomizedSelection.csproj", "{3A3E30DE-8284-4D36-B0E3-BCB9B1BE0E6A}"
EndProject
Project("{FAE04EC0-301F-11D3-BF4B-00C04F79EFBC}") = "RandomContractionsList", "RandomContractionsList\RandomContractionsList.csproj", "{AE717966-DAFF-47E4-BB65-A04ECCAEB170}"
EndProject
Project("{FAE04EC0-301F-11D3-BF4B-00C04F79EFBC}") = "BFSShortestPath", "BFSShortestPath\BFSShortestPath.csproj", "{ADC5FFF8-EBB4-4668-85EF-614F4549408B}"
EndProject
Project("{FAE04EC0-301F-11D3-BF4B-00C04F79EFBC}") = "Graph", "Graph\Graph.csproj", "{CC2A3D59-0438-449E-BF34-F496B485C23D}"
EndProject
Project("{FAE04EC0-301F-11D3-BF4B-00C04F79EFBC}") = "DFS", "DFS\DFS.csproj", "{FF350437-F55A-4B35-8E08-03AD5BEC0434}"
EndProject
Project("{FAE04EC0-301F-11D3-BF4B-00C04F79EFBC}") = "KosarajuDFS", "KosarajuDFS\KosarajuDFS.csproj", "{C859D544-0869-4435-A11C-8B025B838722}"
EndProject
Project("{FAE04EC0-301F-11D3-BF4B-00C04F79EFBC}") = "DijkstraShortestPath", "DijkstraShortestPath\DijkstraShortestPath.csproj", "{AF2619BF-2EAE-4AB6-A915-048043C190C3}"
EndProject
Project("{FAE04EC0-301F-11D3-BF4B-00C04F79EFBC}") = "MyHeap", "MyMinHeap\MyHeap.csproj", "{55436A09-FA5E-4D68-9949-D539EEB22EBF}"
EndProject
Project("{FAE04EC0-301F-11D3-BF4B-00C04F79EFBC}") = "MedianMaintenance", "MedianMaintenance\MedianMaintenance.csproj", "{AF18B828-6873-416A-A704-98BB2463F199}"
EndProject
Project("{FAE04EC0-301F-11D3-BF4B-00C04F79EFBC}") = "BinaryTree", "BinaryTree\BinaryTree.csproj", "{C41A588C-5ECD-485C-9CA6-B79F66DFE9A9}"
EndProject
Global
	GlobalSection(SolutionConfigurationPlatforms) = preSolution
		asd|Any CPU = asd|Any CPU
		Debug|Any CPU = Debug|Any CPU
		Release|Any CPU = Release|Any CPU
	EndGlobalSection
	GlobalSection(ProjectConfigurationPlatforms) = postSolution
		{752B5AD9-4073-450D-A006-353C5F2A7D0F}.asd|Any CPU.ActiveCfg = Release|Any CPU
		{752B5AD9-4073-450D-A006-353C5F2A7D0F}.asd|Any CPU.Build.0 = Release|Any CPU
		{752B5AD9-4073-450D-A006-353C5F2A7D0F}.Debug|Any CPU.ActiveCfg = Debug|Any CPU
		{752B5AD9-4073-450D-A006-353C5F2A7D0F}.Debug|Any CPU.Build.0 = Debug|Any CPU
		{752B5AD9-4073-450D-A006-353C5F2A7D0F}.Release|Any CPU.ActiveCfg = Release|Any CPU
		{752B5AD9-4073-450D-A006-353C5F2A7D0F}.Release|Any CPU.Build.0 = Release|Any CPU
		{B50D5FC9-5B72-47E9-BE94-99CF4651D815}.asd|Any CPU.ActiveCfg = Release|Any CPU
		{B50D5FC9-5B72-47E9-BE94-99CF4651D815}.asd|Any CPU.Build.0 = Release|Any CPU
		{B50D5FC9-5B72-47E9-BE94-99CF4651D815}.Debug|Any CPU.ActiveCfg = Debug|Any CPU
		{B50D5FC9-5B72-47E9-BE94-99CF4651D815}.Debug|Any CPU.Build.0 = Debug|Any CPU
		{B50D5FC9-5B72-47E9-BE94-99CF4651D815}.Release|Any CPU.ActiveCfg = Release|Any CPU
		{B50D5FC9-5B72-47E9-BE94-99CF4651D815}.Release|Any CPU.Build.0 = Release|Any CPU
		{3E70FFCE-610D-4DE3-B61D-EB6DF8777D87}.asd|Any CPU.ActiveCfg = Release|Any CPU
		{3E70FFCE-610D-4DE3-B61D-EB6DF8777D87}.asd|Any CPU.Build.0 = Release|Any CPU
		{3E70FFCE-610D-4DE3-B61D-EB6DF8777D87}.Debug|Any CPU.ActiveCfg = Debug|Any CPU
		{3E70FFCE-610D-4DE3-B61D-EB6DF8777D87}.Debug|Any CPU.Build.0 = Debug|Any CPU
		{3E70FFCE-610D-4DE3-B61D-EB6DF8777D87}.Release|Any CPU.ActiveCfg = Release|Any CPU
		{3E70FFCE-610D-4DE3-B61D-EB6DF8777D87}.Release|Any CPU.Build.0 = Release|Any CPU
		{EC5ACBAD-961D-44EF-A3B7-A3949176C52B}.asd|Any CPU.ActiveCfg = Release|Any CPU
		{EC5ACBAD-961D-44EF-A3B7-A3949176C52B}.asd|Any CPU.Build.0 = Release|Any CPU
		{EC5ACBAD-961D-44EF-A3B7-A3949176C52B}.Debug|Any CPU.ActiveCfg = Debug|Any CPU
		{EC5ACBAD-961D-44EF-A3B7-A3949176C52B}.Debug|Any CPU.Build.0 = Debug|Any CPU
		{EC5ACBAD-961D-44EF-A3B7-A3949176C52B}.Release|Any CPU.ActiveCfg = Release|Any CPU
		{EC5ACBAD-961D-44EF-A3B7-A3949176C52B}.Release|Any CPU.Build.0 = Release|Any CPU
		{1F190A8C-02E9-4AF0-90CE-B9293A2978D2}.asd|Any CPU.ActiveCfg = Release|Any CPU
		{1F190A8C-02E9-4AF0-90CE-B9293A2978D2}.asd|Any CPU.Build.0 = Release|Any CPU
		{1F190A8C-02E9-4AF0-90CE-B9293A2978D2}.Debug|Any CPU.ActiveCfg = Debug|Any CPU
		{1F190A8C-02E9-4AF0-90CE-B9293A2978D2}.Debug|Any CPU.Build.0 = Debug|Any CPU
		{1F190A8C-02E9-4AF0-90CE-B9293A2978D2}.Release|Any CPU.ActiveCfg = Release|Any CPU
		{1F190A8C-02E9-4AF0-90CE-B9293A2978D2}.Release|Any CPU.Build.0 = Release|Any CPU
		{CDD257AB-5DDE-4785-860E-440D6EE5DF06}.asd|Any CPU.ActiveCfg = Release|Any CPU
		{CDD257AB-5DDE-4785-860E-440D6EE5DF06}.asd|Any CPU.Build.0 = Release|Any CPU
		{CDD257AB-5DDE-4785-860E-440D6EE5DF06}.Debug|Any CPU.ActiveCfg = Debug|Any CPU
		{CDD257AB-5DDE-4785-860E-440D6EE5DF06}.Debug|Any CPU.Build.0 = Debug|Any CPU
		{CDD257AB-5DDE-4785-860E-440D6EE5DF06}.Release|Any CPU.ActiveCfg = Release|Any CPU
		{CDD257AB-5DDE-4785-860E-440D6EE5DF06}.Release|Any CPU.Build.0 = Release|Any CPU
		{3A3E30DE-8284-4D36-B0E3-BCB9B1BE0E6A}.asd|Any CPU.ActiveCfg = Release|Any CPU
		{3A3E30DE-8284-4D36-B0E3-BCB9B1BE0E6A}.asd|Any CPU.Build.0 = Release|Any CPU
		{3A3E30DE-8284-4D36-B0E3-BCB9B1BE0E6A}.Debug|Any CPU.ActiveCfg = Debug|Any CPU
		{3A3E30DE-8284-4D36-B0E3-BCB9B1BE0E6A}.Debug|Any CPU.Build.0 = Debug|Any CPU
		{3A3E30DE-8284-4D36-B0E3-BCB9B1BE0E6A}.Release|Any CPU.ActiveCfg = Release|Any CPU
		{3A3E30DE-8284-4D36-B0E3-BCB9B1BE0E6A}.Release|Any CPU.Build.0 = Release|Any CPU
		{AE717966-DAFF-47E4-BB65-A04ECCAEB170}.asd|Any CPU.ActiveCfg = Release|Any CPU
		{AE717966-DAFF-47E4-BB65-A04ECCAEB170}.asd|Any CPU.Build.0 = Release|Any CPU
		{AE717966-DAFF-47E4-BB65-A04ECCAEB170}.Debug|Any CPU.ActiveCfg = Debug|Any CPU
		{AE717966-DAFF-47E4-BB65-A04ECCAEB170}.Debug|Any CPU.Build.0 = Debug|Any CPU
		{AE717966-DAFF-47E4-BB65-A04ECCAEB170}.Release|Any CPU.ActiveCfg = Release|Any CPU
		{AE717966-DAFF-47E4-BB65-A04ECCAEB170}.Release|Any CPU.Build.0 = Release|Any CPU
		{ADC5FFF8-EBB4-4668-85EF-614F4549408B}.asd|Any CPU.ActiveCfg = Release|Any CPU
		{ADC5FFF8-EBB4-4668-85EF-614F4549408B}.asd|Any CPU.Build.0 = Release|Any CPU
		{ADC5FFF8-EBB4-4668-85EF-614F4549408B}.Debug|Any CPU.ActiveCfg = Debug|Any CPU
		{ADC5FFF8-EBB4-4668-85EF-614F4549408B}.Debug|Any CPU.Build.0 = Debug|Any CPU
		{ADC5FFF8-EBB4-4668-85EF-614F4549408B}.Release|Any CPU.ActiveCfg = Release|Any CPU
		{ADC5FFF8-EBB4-4668-85EF-614F4549408B}.Release|Any CPU.Build.0 = Release|Any CPU
		{CC2A3D59-0438-449E-BF34-F496B485C23D}.asd|Any CPU.ActiveCfg = Release|Any CPU
		{CC2A3D59-0438-449E-BF34-F496B485C23D}.asd|Any CPU.Build.0 = Release|Any CPU
		{CC2A3D59-0438-449E-BF34-F496B485C23D}.Debug|Any CPU.ActiveCfg = Debug|Any CPU
		{CC2A3D59-0438-449E-BF34-F496B485C23D}.Debug|Any CPU.Build.0 = Debug|Any CPU
		{CC2A3D59-0438-449E-BF34-F496B485C23D}.Release|Any CPU.ActiveCfg = Release|Any CPU
		{CC2A3D59-0438-449E-BF34-F496B485C23D}.Release|Any CPU.Build.0 = Release|Any CPU
		{FF350437-F55A-4B35-8E08-03AD5BEC0434}.asd|Any CPU.ActiveCfg = Release|Any CPU
		{FF350437-F55A-4B35-8E08-03AD5BEC0434}.asd|Any CPU.Build.0 = Release|Any CPU
		{FF350437-F55A-4B35-8E08-03AD5BEC0434}.Debug|Any CPU.ActiveCfg = Debug|Any CPU
		{FF350437-F55A-4B35-8E08-03AD5BEC0434}.Debug|Any CPU.Build.0 = Debug|Any CPU
		{FF350437-F55A-4B35-8E08-03AD5BEC0434}.Release|Any CPU.ActiveCfg = Release|Any CPU
		{FF350437-F55A-4B35-8E08-03AD5BEC0434}.Release|Any CPU.Build.0 = Release|Any CPU
		{C859D544-0869-4435-A11C-8B025B838722}.asd|Any CPU.ActiveCfg = asd|Any CPU
		{C859D544-0869-4435-A11C-8B025B838722}.asd|Any CPU.Build.0 = asd|Any CPU
		{C859D544-0869-4435-A11C-8B025B838722}.Debug|Any CPU.ActiveCfg = Debug|Any CPU
		{C859D544-0869-4435-A11C-8B025B838722}.Debug|Any CPU.Build.0 = Debug|Any CPU
		{C859D544-0869-4435-A11C-8B025B838722}.Release|Any CPU.ActiveCfg = Release|Any CPU
		{C859D544-0869-4435-A11C-8B025B838722}.Release|Any CPU.Build.0 = Release|Any CPU
		{AF2619BF-2EAE-4AB6-A915-048043C190C3}.asd|Any CPU.ActiveCfg = Release|Any CPU
		{AF2619BF-2EAE-4AB6-A915-048043C190C3}.asd|Any CPU.Build.0 = Release|Any CPU
		{AF2619BF-2EAE-4AB6-A915-048043C190C3}.Debug|Any CPU.ActiveCfg = Debug|Any CPU
		{AF2619BF-2EAE-4AB6-A915-048043C190C3}.Debug|Any CPU.Build.0 = Debug|Any CPU
		{AF2619BF-2EAE-4AB6-A915-048043C190C3}.Release|Any CPU.ActiveCfg = Release|Any CPU
		{AF2619BF-2EAE-4AB6-A915-048043C190C3}.Release|Any CPU.Build.0 = Release|Any CPU
		{55436A09-FA5E-4D68-9949-D539EEB22EBF}.asd|Any CPU.ActiveCfg = Release|Any CPU
		{55436A09-FA5E-4D68-9949-D539EEB22EBF}.asd|Any CPU.Build.0 = Release|Any CPU
		{55436A09-FA5E-4D68-9949-D539EEB22EBF}.Debug|Any CPU.ActiveCfg = Debug|Any CPU
		{55436A09-FA5E-4D68-9949-D539EEB22EBF}.Debug|Any CPU.Build.0 = Debug|Any CPU
		{55436A09-FA5E-4D68-9949-D539EEB22EBF}.Release|Any CPU.ActiveCfg = Release|Any CPU
		{55436A09-FA5E-4D68-9949-D539EEB22EBF}.Release|Any CPU.Build.0 = Release|Any CPU
		{AF18B828-6873-416A-A704-98BB2463F199}.asd|Any CPU.ActiveCfg = Release|Any CPU
		{AF18B828-6873-416A-A704-98BB2463F199}.asd|Any CPU.Build.0 = Release|Any CPU
		{AF18B828-6873-416A-A704-98BB2463F199}.Debug|Any CPU.ActiveCfg = Debug|Any CPU
		{AF18B828-6873-416A-A704-98BB2463F199}.Debug|Any CPU.Build.0 = Debug|Any CPU
		{AF18B828-6873-416A-A704-98BB2463F199}.Release|Any CPU.ActiveCfg = Release|Any CPU
		{AF18B828-6873-416A-A704-98BB2463F199}.Release|Any CPU.Build.0 = Release|Any CPU
		{C41A588C-5ECD-485C-9CA6-B79F66DFE9A9}.asd|Any CPU.ActiveCfg = Release|Any CPU
		{C41A588C-5ECD-485C-9CA6-B79F66DFE9A9}.asd|Any CPU.Build.0 = Release|Any CPU
		{C41A588C-5ECD-485C-9CA6-B79F66DFE9A9}.Debug|Any CPU.ActiveCfg = Debug|Any CPU
		{C41A588C-5ECD-485C-9CA6-B79F66DFE9A9}.Debug|Any CPU.Build.0 = Debug|Any CPU
		{C41A588C-5ECD-485C-9CA6-B79F66DFE9A9}.Release|Any CPU.ActiveCfg = Release|Any CPU
		{C41A588C-5ECD-485C-9CA6-B79F66DFE9A9}.Release|Any CPU.Build.0 = Release|Any CPU
	EndGlobalSection
	GlobalSection(SolutionProperties) = preSolution
		HideSolutionNode = FALSE
	EndGlobalSection
EndGlobal
